
Microsoft Visual Studio Solution File, Format Version 12.00
# Visual Studio 14
VisualStudioVersion = 14.0.25420.1
MinimumVisualStudioVersion = 10.0.40219.1
Project("{FAE04EC0-301F-11D3-BF4B-00C04F79EFBC}") = "Gevlee.WinRadioTray", "src\Gevlee.WinRadioTray\Gevlee.WinRadioTray.csproj", "{22DBA223-B2B8-4FD1-BE35-D912A6D2B959}"
EndProject
Project("{FAE04EC0-301F-11D3-BF4B-00C04F79EFBC}") = "Gevlee.WinRadioTray.Core", "src\Gevlee.WinRadioTray.Core\Gevlee.WinRadioTray.Core.csproj", "{B3112FC7-33F2-41B7-9020-3359D6F97DE4}"
EndProject
Project("{FAE04EC0-301F-11D3-BF4B-00C04F79EFBC}") = "Gevlee.WinRadioTray.LocalStorage", "src\Gevlee.WinRadioTray.LocalStorage\Gevlee.WinRadioTray.LocalStorage.csproj", "{8DFC760C-EC2B-4E1A-A94C-BA50C7D3D727}"
EndProject
Project("{FAE04EC0-301F-11D3-BF4B-00C04F79EFBC}") = "Gevlee.WinRadioTray.LocalStorage.Contract", "src\Gevlee.WinRadioTray.LocalStorage.Contract\Gevlee.WinRadioTray.LocalStorage.Contract.csproj", "{483D6268-A875-4F93-A74E-133A57CC64F3}"
EndProject
Project("{FAE04EC0-301F-11D3-BF4B-00C04F79EFBC}") = "Gevlee.WinRadioTray.LocalStorage.Tests", "tests\Gevlee.WinRadioTray.LocalStorage.Tests\Gevlee.WinRadioTray.LocalStorage.Tests.csproj", "{76B2B59F-EEBC-4520-A28E-14F70CC3C22B}"
EndProject
Project("{FAE04EC0-301F-11D3-BF4B-00C04F79EFBC}") = "GevbenTeam.ResxSupport", "dependencies\GevbenTeam.ResxSupport\src\GevbenTeam.ResxSupport\GevbenTeam.ResxSupport.csproj", "{DEDE03CC-5B72-4FC7-8A8C-416C9E6FBC67}"
EndProject
Project("{FAE04EC0-301F-11D3-BF4B-00C04F79EFBC}") = "GevbenTeam.ResxSupport.Autofac", "dependencies\GevbenTeam.ResxSupport\src\GevbenTeam.ResxSupport.Autofac\GevbenTeam.ResxSupport.Autofac.csproj", "{91AE8ECB-1C4E-4D2F-9AAA-EE445CA90C75}"
EndProject
Project("{FAE04EC0-301F-11D3-BF4B-00C04F79EFBC}") = "Gevlee.WinRadioTray.Player.Core", "src\Gevlee.WinRadioTray.Player.Core\Gevlee.WinRadioTray.Player.Core.csproj", "{53EA6C3E-BF29-4C5A-81FC-5A1FF916E23A}"
EndProject
Global
	GlobalSection(SolutionConfigurationPlatforms) = preSolution
		Debug|Any CPU = Debug|Any CPU
		Portable|Any CPU = Portable|Any CPU
		Release|Any CPU = Release|Any CPU
	EndGlobalSection
	GlobalSection(ProjectConfigurationPlatforms) = postSolution
		{22DBA223-B2B8-4FD1-BE35-D912A6D2B959}.Debug|Any CPU.ActiveCfg = Debug|Any CPU
		{22DBA223-B2B8-4FD1-BE35-D912A6D2B959}.Debug|Any CPU.Build.0 = Debug|Any CPU
		{22DBA223-B2B8-4FD1-BE35-D912A6D2B959}.Portable|Any CPU.ActiveCfg = Portable|Any CPU
		{22DBA223-B2B8-4FD1-BE35-D912A6D2B959}.Portable|Any CPU.Build.0 = Portable|Any CPU
		{22DBA223-B2B8-4FD1-BE35-D912A6D2B959}.Release|Any CPU.ActiveCfg = Release|Any CPU
		{22DBA223-B2B8-4FD1-BE35-D912A6D2B959}.Release|Any CPU.Build.0 = Release|Any CPU
		{B3112FC7-33F2-41B7-9020-3359D6F97DE4}.Debug|Any CPU.ActiveCfg = Debug|Any CPU
		{B3112FC7-33F2-41B7-9020-3359D6F97DE4}.Debug|Any CPU.Build.0 = Debug|Any CPU
		{B3112FC7-33F2-41B7-9020-3359D6F97DE4}.Portable|Any CPU.ActiveCfg = Portable|Any CPU
		{B3112FC7-33F2-41B7-9020-3359D6F97DE4}.Portable|Any CPU.Build.0 = Portable|Any CPU
		{B3112FC7-33F2-41B7-9020-3359D6F97DE4}.Release|Any CPU.ActiveCfg = Release|Any CPU
		{B3112FC7-33F2-41B7-9020-3359D6F97DE4}.Release|Any CPU.Build.0 = Release|Any CPU
		{8DFC760C-EC2B-4E1A-A94C-BA50C7D3D727}.Debug|Any CPU.ActiveCfg = Debug|Any CPU
		{8DFC760C-EC2B-4E1A-A94C-BA50C7D3D727}.Debug|Any CPU.Build.0 = Debug|Any CPU
		{8DFC760C-EC2B-4E1A-A94C-BA50C7D3D727}.Portable|Any CPU.ActiveCfg = Portable|Any CPU
		{8DFC760C-EC2B-4E1A-A94C-BA50C7D3D727}.Portable|Any CPU.Build.0 = Portable|Any CPU
		{8DFC760C-EC2B-4E1A-A94C-BA50C7D3D727}.Release|Any CPU.ActiveCfg = Release|Any CPU
		{8DFC760C-EC2B-4E1A-A94C-BA50C7D3D727}.Release|Any CPU.Build.0 = Release|Any CPU
		{483D6268-A875-4F93-A74E-133A57CC64F3}.Debug|Any CPU.ActiveCfg = Debug|Any CPU
		{483D6268-A875-4F93-A74E-133A57CC64F3}.Debug|Any CPU.Build.0 = Debug|Any CPU
		{483D6268-A875-4F93-A74E-133A57CC64F3}.Portable|Any CPU.ActiveCfg = Portable|Any CPU
		{483D6268-A875-4F93-A74E-133A57CC64F3}.Portable|Any CPU.Build.0 = Portable|Any CPU
		{483D6268-A875-4F93-A74E-133A57CC64F3}.Release|Any CPU.ActiveCfg = Release|Any CPU
		{483D6268-A875-4F93-A74E-133A57CC64F3}.Release|Any CPU.Build.0 = Release|Any CPU
		{76B2B59F-EEBC-4520-A28E-14F70CC3C22B}.Debug|Any CPU.ActiveCfg = Debug|Any CPU
		{76B2B59F-EEBC-4520-A28E-14F70CC3C22B}.Debug|Any CPU.Build.0 = Debug|Any CPU
		{76B2B59F-EEBC-4520-A28E-14F70CC3C22B}.Portable|Any CPU.ActiveCfg = Portable|Any CPU
		{76B2B59F-EEBC-4520-A28E-14F70CC3C22B}.Portable|Any CPU.Build.0 = Portable|Any CPU
		{76B2B59F-EEBC-4520-A28E-14F70CC3C22B}.Release|Any CPU.ActiveCfg = Release|Any CPU
		{76B2B59F-EEBC-4520-A28E-14F70CC3C22B}.Release|Any CPU.Build.0 = Release|Any CPU
		{DEDE03CC-5B72-4FC7-8A8C-416C9E6FBC67}.Debug|Any CPU.ActiveCfg = Debug|Any CPU
		{DEDE03CC-5B72-4FC7-8A8C-416C9E6FBC67}.Debug|Any CPU.Build.0 = Debug|Any CPU
		{DEDE03CC-5B72-4FC7-8A8C-416C9E6FBC67}.Portable|Any CPU.ActiveCfg = Release|Any CPU
		{DEDE03CC-5B72-4FC7-8A8C-416C9E6FBC67}.Portable|Any CPU.Build.0 = Release|Any CPU
		{DEDE03CC-5B72-4FC7-8A8C-416C9E6FBC67}.Release|Any CPU.ActiveCfg = Release|Any CPU
		{DEDE03CC-5B72-4FC7-8A8C-416C9E6FBC67}.Release|Any CPU.Build.0 = Release|Any CPU
		{91AE8ECB-1C4E-4D2F-9AAA-EE445CA90C75}.Debug|Any CPU.ActiveCfg = Debug|Any CPU
		{91AE8ECB-1C4E-4D2F-9AAA-EE445CA90C75}.Debug|Any CPU.Build.0 = Debug|Any CPU
		{91AE8ECB-1C4E-4D2F-9AAA-EE445CA90C75}.Portable|Any CPU.ActiveCfg = Release|Any CPU
		{91AE8ECB-1C4E-4D2F-9AAA-EE445CA90C75}.Portable|Any CPU.Build.0 = Release|Any CPU
		{91AE8ECB-1C4E-4D2F-9AAA-EE445CA90C75}.Release|Any CPU.ActiveCfg = Release|Any CPU
		{91AE8ECB-1C4E-4D2F-9AAA-EE445CA90C75}.Release|Any CPU.Build.0 = Release|Any CPU
		{53EA6C3E-BF29-4C5A-81FC-5A1FF916E23A}.Debug|Any CPU.ActiveCfg = Debug|Any CPU
		{53EA6C3E-BF29-4C5A-81FC-5A1FF916E23A}.Debug|Any CPU.Build.0 = Debug|Any CPU
		{53EA6C3E-BF29-4C5A-81FC-5A1FF916E23A}.Portable|Any CPU.ActiveCfg = Release|Any CPU
		{53EA6C3E-BF29-4C5A-81FC-5A1FF916E23A}.Portable|Any CPU.Build.0 = Release|Any CPU
		{53EA6C3E-BF29-4C5A-81FC-5A1FF916E23A}.Release|Any CPU.ActiveCfg = Release|Any CPU
		{53EA6C3E-BF29-4C5A-81FC-5A1FF916E23A}.Release|Any CPU.Build.0 = Release|Any CPU
	EndGlobalSection
	GlobalSection(SolutionProperties) = preSolution
		HideSolutionNode = FALSE
	EndGlobalSection
EndGlobal
